// !$*UTF8*$!
{
	archiveVersion = 1;
	classes = {
	};
	objectVersion = 56;
	objects = {

/* Begin PBXBuildFile section */
		2D1DA1242B734630005D4AB8 /* FoodPinApp.swift in Sources */ = {isa = PBXBuildFile; fileRef = 2D1DA1232B734630005D4AB8 /* FoodPinApp.swift */; };
		2D1DA1262B734630005D4AB8 /* RestaurantListView.swift in Sources */ = {isa = PBXBuildFile; fileRef = 2D1DA1252B734630005D4AB8 /* RestaurantListView.swift */; };
		2D1DA1282B734630005D4AB8 /* Item.swift in Sources */ = {isa = PBXBuildFile; fileRef = 2D1DA1272B734630005D4AB8 /* Item.swift */; };
		2D1DA12A2B734631005D4AB8 /* Assets.xcassets in Resources */ = {isa = PBXBuildFile; fileRef = 2D1DA1292B734631005D4AB8 /* Assets.xcassets */; };
		2D1DA12D2B734631005D4AB8 /* Preview Assets.xcassets in Resources */ = {isa = PBXBuildFile; fileRef = 2D1DA12C2B734631005D4AB8 /* Preview Assets.xcassets */; };
		2D1DA1372B734631005D4AB8 /* FoodPinTests.swift in Sources */ = {isa = PBXBuildFile; fileRef = 2D1DA1362B734631005D4AB8 /* FoodPinTests.swift */; };
		2D1DA1412B734631005D4AB8 /* FoodPinUITests.swift in Sources */ = {isa = PBXBuildFile; fileRef = 2D1DA1402B734631005D4AB8 /* FoodPinUITests.swift */; };
		2D1DA1432B734631005D4AB8 /* FoodPinUITestsLaunchTests.swift in Sources */ = {isa = PBXBuildFile; fileRef = 2D1DA1422B734631005D4AB8 /* FoodPinUITestsLaunchTests.swift */; };
		2D78784F2B9D7B1800A4874A /* ActivityView.swift in Sources */ = {isa = PBXBuildFile; fileRef = 2D78784E2B9D7B1800A4874A /* ActivityView.swift */; };
		2D9D7E452B92E92C00F7CA48 /* Restaurant.swift in Sources */ = {isa = PBXBuildFile; fileRef = 2D9D7E442B92E92C00F7CA48 /* Restaurant.swift */; };
		2DAE0C002B9FECBA004C4B4A /* RestaurantDetailView.swift in Sources */ = {isa = PBXBuildFile; fileRef = 2DAE0BFF2B9FECBA004C4B4A /* RestaurantDetailView.swift */; };
/* End PBXBuildFile section */

/* Begin PBXContainerItemProxy section */
		2D1DA1332B734631005D4AB8 /* PBXContainerItemProxy */ = {
			isa = PBXContainerItemProxy;
			containerPortal = 2D1DA1182B734630005D4AB8 /* Project object */;
			proxyType = 1;
			remoteGlobalIDString = 2D1DA11F2B734630005D4AB8;
			remoteInfo = FoodPin;
		};
		2D1DA13D2B734631005D4AB8 /* PBXContainerItemProxy */ = {
			isa = PBXContainerItemProxy;
			containerPortal = 2D1DA1182B734630005D4AB8 /* Project object */;
			proxyType = 1;
			remoteGlobalIDString = 2D1DA11F2B734630005D4AB8;
			remoteInfo = FoodPin;
		};
/* End PBXContainerItemProxy section */

/* Begin PBXFileReference section */
		2D1DA1202B734630005D4AB8 /* FoodPin.app */ = {isa = PBXFileReference; explicitFileType = wrapper.application; includeInIndex = 0; path = FoodPin.app; sourceTree = BUILT_PRODUCTS_DIR; };
		2D1DA1232B734630005D4AB8 /* FoodPinApp.swift */ = {isa = PBXFileReference; lastKnownFileType = sourcecode.swift; path = FoodPinApp.swift; sourceTree = "<group>"; };
		2D1DA1252B734630005D4AB8 /* RestaurantListView.swift */ = {isa = PBXFileReference; lastKnownFileType = sourcecode.swift; path = RestaurantListView.swift; sourceTree = "<group>"; };
		2D1DA1272B734630005D4AB8 /* Item.swift */ = {isa = PBXFileReference; lastKnownFileType = sourcecode.swift; path = Item.swift; sourceTree = "<group>"; };
		2D1DA1292B734631005D4AB8 /* Assets.xcassets */ = {isa = PBXFileReference; lastKnownFileType = folder.assetcatalog; path = Assets.xcassets; sourceTree = "<group>"; };
		2D1DA12C2B734631005D4AB8 /* Preview Assets.xcassets */ = {isa = PBXFileReference; lastKnownFileType = folder.assetcatalog; path = "Preview Assets.xcassets"; sourceTree = "<group>"; };
		2D1DA1322B734631005D4AB8 /* FoodPinTests.xctest */ = {isa = PBXFileReference; explicitFileType = wrapper.cfbundle; includeInIndex = 0; path = FoodPinTests.xctest; sourceTree = BUILT_PRODUCTS_DIR; };
		2D1DA1362B734631005D4AB8 /* FoodPinTests.swift */ = {isa = PBXFileReference; lastKnownFileType = sourcecode.swift; path = FoodPinTests.swift; sourceTree = "<group>"; };
		2D1DA13C2B734631005D4AB8 /* FoodPinUITests.xctest */ = {isa = PBXFileReference; explicitFileType = wrapper.cfbundle; includeInIndex = 0; path = FoodPinUITests.xctest; sourceTree = BUILT_PRODUCTS_DIR; };
		2D1DA1402B734631005D4AB8 /* FoodPinUITests.swift */ = {isa = PBXFileReference; lastKnownFileType = sourcecode.swift; path = FoodPinUITests.swift; sourceTree = "<group>"; };
		2D1DA1422B734631005D4AB8 /* FoodPinUITestsLaunchTests.swift */ = {isa = PBXFileReference; lastKnownFileType = sourcecode.swift; path = FoodPinUITestsLaunchTests.swift; sourceTree = "<group>"; };
		2D78784E2B9D7B1800A4874A /* ActivityView.swift */ = {isa = PBXFileReference; lastKnownFileType = sourcecode.swift; path = ActivityView.swift; sourceTree = "<group>"; };
		2D9D7E442B92E92C00F7CA48 /* Restaurant.swift */ = {isa = PBXFileReference; lastKnownFileType = sourcecode.swift; path = Restaurant.swift; sourceTree = "<group>"; };
		2DAE0BFF2B9FECBA004C4B4A /* RestaurantDetailView.swift */ = {isa = PBXFileReference; lastKnownFileType = sourcecode.swift; path = RestaurantDetailView.swift; sourceTree = "<group>"; };
/* End PBXFileReference section */

/* Begin PBXFrameworksBuildPhase section */
		2D1DA11D2B734630005D4AB8 /* Frameworks */ = {
			isa = PBXFrameworksBuildPhase;
			buildActionMask = 2147483647;
			files = (
			);
			runOnlyForDeploymentPostprocessing = 0;
		};
		2D1DA12F2B734631005D4AB8 /* Frameworks */ = {
			isa = PBXFrameworksBuildPhase;
			buildActionMask = 2147483647;
			files = (
			);
			runOnlyForDeploymentPostprocessing = 0;
		};
		2D1DA1392B734631005D4AB8 /* Frameworks */ = {
			isa = PBXFrameworksBuildPhase;
			buildActionMask = 2147483647;
			files = (
			);
			runOnlyForDeploymentPostprocessing = 0;
		};
/* End PBXFrameworksBuildPhase section */

/* Begin PBXGroup section */
		2D1DA1172B734630005D4AB8 = {
			isa = PBXGroup;
			children = (
				2D1DA1222B734630005D4AB8 /* FoodPin */,
				2D1DA1352B734631005D4AB8 /* FoodPinTests */,
				2D1DA13F2B734631005D4AB8 /* FoodPinUITests */,
				2D1DA1212B734630005D4AB8 /* Products */,
			);
			sourceTree = "<group>";
		};
		2D1DA1212B734630005D4AB8 /* Products */ = {
			isa = PBXGroup;
			children = (
				2D1DA1202B734630005D4AB8 /* FoodPin.app */,
				2D1DA1322B734631005D4AB8 /* FoodPinTests.xctest */,
				2D1DA13C2B734631005D4AB8 /* FoodPinUITests.xctest */,
			);
			name = Products;
			sourceTree = "<group>";
		};
		2D1DA1222B734630005D4AB8 /* FoodPin */ = {
			isa = PBXGroup;
			children = (
				2D1DA1232B734630005D4AB8 /* FoodPinApp.swift */,
				2D1DA1252B734630005D4AB8 /* RestaurantListView.swift */,
				2D1DA1272B734630005D4AB8 /* Item.swift */,
				2D1DA1292B734631005D4AB8 /* Assets.xcassets */,
				2D1DA12B2B734631005D4AB8 /* Preview Content */,
				2D9D7E442B92E92C00F7CA48 /* Restaurant.swift */,
				2D78784E2B9D7B1800A4874A /* ActivityView.swift */,
				2DAE0BFF2B9FECBA004C4B4A /* RestaurantDetailView.swift */,
			);
			path = FoodPin;
			sourceTree = "<group>";
		};
		2D1DA12B2B734631005D4AB8 /* Preview Content */ = {
			isa = PBXGroup;
			children = (
				2D1DA12C2B734631005D4AB8 /* Preview Assets.xcassets */,
			);
			path = "Preview Content";
			sourceTree = "<group>";
		};
		2D1DA1352B734631005D4AB8 /* FoodPinTests */ = {
			isa = PBXGroup;
			children = (
				2D1DA1362B734631005D4AB8 /* FoodPinTests.swift */,
			);
			path = FoodPinTests;
			sourceTree = "<group>";
		};
		2D1DA13F2B734631005D4AB8 /* FoodPinUITests */ = {
			isa = PBXGroup;
			children = (
				2D1DA1402B734631005D4AB8 /* FoodPinUITests.swift */,
				2D1DA1422B734631005D4AB8 /* FoodPinUITestsLaunchTests.swift */,
			);
			path = FoodPinUITests;
			sourceTree = "<group>";
		};
/* End PBXGroup section */

/* Begin PBXNativeTarget section */
		2D1DA11F2B734630005D4AB8 /* FoodPin */ = {
			isa = PBXNativeTarget;
			buildConfigurationList = 2D1DA1462B734631005D4AB8 /* Build configuration list for PBXNativeTarget "FoodPin" */;
			buildPhases = (
				2D1DA11C2B734630005D4AB8 /* Sources */,
				2D1DA11D2B734630005D4AB8 /* Frameworks */,
				2D1DA11E2B734630005D4AB8 /* Resources */,
			);
			buildRules = (
			);
			dependencies = (
			);
			name = FoodPin;
			productName = FoodPin;
			productReference = 2D1DA1202B734630005D4AB8 /* FoodPin.app */;
			productType = "com.apple.product-type.application";
		};
		2D1DA1312B734631005D4AB8 /* FoodPinTests */ = {
			isa = PBXNativeTarget;
			buildConfigurationList = 2D1DA1492B734631005D4AB8 /* Build configuration list for PBXNativeTarget "FoodPinTests" */;
			buildPhases = (
				2D1DA12E2B734631005D4AB8 /* Sources */,
				2D1DA12F2B734631005D4AB8 /* Frameworks */,
				2D1DA1302B734631005D4AB8 /* Resources */,
			);
			buildRules = (
			);
			dependencies = (
				2D1DA1342B734631005D4AB8 /* PBXTargetDependency */,
			);
			name = FoodPinTests;
			productName = FoodPinTests;
			productReference = 2D1DA1322B734631005D4AB8 /* FoodPinTests.xctest */;
			productType = "com.apple.product-type.bundle.unit-test";
		};
		2D1DA13B2B734631005D4AB8 /* FoodPinUITests */ = {
			isa = PBXNativeTarget;
			buildConfigurationList = 2D1DA14C2B734631005D4AB8 /* Build configuration list for PBXNativeTarget "FoodPinUITests" */;
			buildPhases = (
				2D1DA1382B734631005D4AB8 /* Sources */,
				2D1DA1392B734631005D4AB8 /* Frameworks */,
				2D1DA13A2B734631005D4AB8 /* Resources */,
			);
			buildRules = (
			);
			dependencies = (
				2D1DA13E2B734631005D4AB8 /* PBXTargetDependency */,
			);
			name = FoodPinUITests;
			productName = FoodPinUITests;
			productReference = 2D1DA13C2B734631005D4AB8 /* FoodPinUITests.xctest */;
			productType = "com.apple.product-type.bundle.ui-testing";
		};
/* End PBXNativeTarget section */

/* Begin PBXProject section */
		2D1DA1182B734630005D4AB8 /* Project object */ = {
			isa = PBXProject;
			attributes = {
				BuildIndependentTargetsInParallel = 1;
				LastSwiftUpdateCheck = 1520;
				LastUpgradeCheck = 1520;
				TargetAttributes = {
					2D1DA11F2B734630005D4AB8 = {
						CreatedOnToolsVersion = 15.2;
					};
					2D1DA1312B734631005D4AB8 = {
						CreatedOnToolsVersion = 15.2;
						TestTargetID = 2D1DA11F2B734630005D4AB8;
					};
					2D1DA13B2B734631005D4AB8 = {
						CreatedOnToolsVersion = 15.2;
						TestTargetID = 2D1DA11F2B734630005D4AB8;
					};
				};
			};
			buildConfigurationList = 2D1DA11B2B734630005D4AB8 /* Build configuration list for PBXProject "FoodPin" */;
			compatibilityVersion = "Xcode 14.0";
			developmentRegion = en;
			hasScannedForEncodings = 0;
			knownRegions = (
				en,
				Base,
			);
			mainGroup = 2D1DA1172B734630005D4AB8;
			productRefGroup = 2D1DA1212B734630005D4AB8 /* Products */;
			projectDirPath = "";
			projectRoot = "";
			targets = (
				2D1DA11F2B734630005D4AB8 /* FoodPin */,
				2D1DA1312B734631005D4AB8 /* FoodPinTests */,
				2D1DA13B2B734631005D4AB8 /* FoodPinUITests */,
			);
		};
/* End PBXProject section */

/* Begin PBXResourcesBuildPhase section */
		2D1DA11E2B734630005D4AB8 /* Resources */ = {
			isa = PBXResourcesBuildPhase;
			buildActionMask = 2147483647;
			files = (
				2D1DA12D2B734631005D4AB8 /* Preview Assets.xcassets in Resources */,
				2D1DA12A2B734631005D4AB8 /* Assets.xcassets in Resources */,
			);
			runOnlyForDeploymentPostprocessing = 0;
		};
		2D1DA1302B734631005D4AB8 /* Resources */ = {
			isa = PBXResourcesBuildPhase;
			buildActionMask = 2147483647;
			files = (
			);
			runOnlyForDeploymentPostprocessing = 0;
		};
		2D1DA13A2B734631005D4AB8 /* Resources */ = {
			isa = PBXResourcesBuildPhase;
			buildActionMask = 2147483647;
			files = (
			);
			runOnlyForDeploymentPostprocessing = 0;
		};
/* End PBXResourcesBuildPhase section */

/* Begin PBXSourcesBuildPhase section */
		2D1DA11C2B734630005D4AB8 /* Sources */ = {
			isa = PBXSourcesBuildPhase;
			buildActionMask = 2147483647;
			files = (
				2D9D7E452B92E92C00F7CA48 /* Restaurant.swift in Sources */,
				2D1DA1262B734630005D4AB8 /* RestaurantListView.swift in Sources */,
				2DAE0C002B9FECBA004C4B4A /* RestaurantDetailView.swift in Sources */,
				2D1DA1282B734630005D4AB8 /* Item.swift in Sources */,
				2D78784F2B9D7B1800A4874A /* ActivityView.swift in Sources */,
				2D1DA1242B734630005D4AB8 /* FoodPinApp.swift in Sources */,
			);
			runOnlyForDeploymentPostprocessing = 0;
		};
		2D1DA12E2B734631005D4AB8 /* Sources */ = {
			isa = PBXSourcesBuildPhase;
			buildActionMask = 2147483647;
			files = (
				2D1DA1372B734631005D4AB8 /* FoodPinTests.swift in Sources */,
			);
			runOnlyForDeploymentPostprocessing = 0;
		};
		2D1DA1382B734631005D4AB8 /* Sources */ = {
			isa = PBXSourcesBuildPhase;
			buildActionMask = 2147483647;
			files = (
				2D1DA1432B734631005D4AB8 /* FoodPinUITestsLaunchTests.swift in Sources */,
				2D1DA1412B734631005D4AB8 /* FoodPinUITests.swift in Sources */,
			);
			runOnlyForDeploymentPostprocessing = 0;
		};
/* End PBXSourcesBuildPhase section */

/* Begin PBXTargetDependency section */
		2D1DA1342B734631005D4AB8 /* PBXTargetDependency */ = {
			isa = PBXTargetDependency;
			target = 2D1DA11F2B734630005D4AB8 /* FoodPin */;
			targetProxy = 2D1DA1332B734631005D4AB8 /* PBXContainerItemProxy */;
		};
		2D1DA13E2B734631005D4AB8 /* PBXTargetDependency */ = {
			isa = PBXTargetDependency;
			target = 2D1DA11F2B734630005D4AB8 /* FoodPin */;
			targetProxy = 2D1DA13D2B734631005D4AB8 /* PBXContainerItemProxy */;
		};
/* End PBXTargetDependency section */

/* Begin XCBuildConfiguration section */
		2D1DA1442B734631005D4AB8 /* Debug */ = {
			isa = XCBuildConfiguration;
			buildSettings = {
				ALWAYS_SEARCH_USER_PATHS = NO;
				ASSETCATALOG_COMPILER_GENERATE_SWIFT_ASSET_SYMBOL_EXTENSIONS = YES;
				CLANG_ANALYZER_NONNULL = YES;
				CLANG_ANALYZER_NUMBER_OBJECT_CONVERSION = YES_AGGRESSIVE;
				CLANG_CXX_LANGUAGE_STANDARD = "gnu++20";
				CLANG_ENABLE_MODULES = YES;
				CLANG_ENABLE_OBJC_ARC = YES;
				CLANG_ENABLE_OBJC_WEAK = YES;
				CLANG_WARN_BLOCK_CAPTURE_AUTORELEASING = YES;
				CLANG_WARN_BOOL_CONVERSION = YES;
				CLANG_WARN_COMMA = YES;
				CLANG_WARN_CONSTANT_CONVERSION = YES;
				CLANG_WARN_DEPRECATED_OBJC_IMPLEMENTATIONS = YES;
				CLANG_WARN_DIRECT_OBJC_ISA_USAGE = YES_ERROR;
				CLANG_WARN_DOCUMENTATION_COMMENTS = YES;
				CLANG_WARN_EMPTY_BODY = YES;
				CLANG_WARN_ENUM_CONVERSION = YES;
				CLANG_WARN_INFINITE_RECURSION = YES;
				CLANG_WARN_INT_CONVERSION = YES;
				CLANG_WARN_NON_LITERAL_NULL_CONVERSION = YES;
				CLANG_WARN_OBJC_IMPLICIT_RETAIN_SELF = YES;
				CLANG_WARN_OBJC_LITERAL_CONVERSION = YES;
				CLANG_WARN_OBJC_ROOT_CLASS = YES_ERROR;
				CLANG_WARN_QUOTED_INCLUDE_IN_FRAMEWORK_HEADER = YES;
				CLANG_WARN_RANGE_LOOP_ANALYSIS = YES;
				CLANG_WARN_STRICT_PROTOTYPES = YES;
				CLANG_WARN_SUSPICIOUS_MOVE = YES;
				CLANG_WARN_UNGUARDED_AVAILABILITY = YES_AGGRESSIVE;
				CLANG_WARN_UNREACHABLE_CODE = YES;
				CLANG_WARN__DUPLICATE_METHOD_MATCH = YES;
				COPY_PHASE_STRIP = NO;
				DEBUG_INFORMATION_FORMAT = dwarf;
				ENABLE_STRICT_OBJC_MSGSEND = YES;
				ENABLE_TESTABILITY = YES;
				ENABLE_USER_SCRIPT_SANDBOXING = YES;
				GCC_C_LANGUAGE_STANDARD = gnu17;
				GCC_DYNAMIC_NO_PIC = NO;
				GCC_NO_COMMON_BLOCKS = YES;
				GCC_OPTIMIZATION_LEVEL = 0;
				GCC_PREPROCESSOR_DEFINITIONS = (
					"DEBUG=1",
					"$(inherited)",
				);
				GCC_WARN_64_TO_32_BIT_CONVERSION = YES;
				GCC_WARN_ABOUT_RETURN_TYPE = YES_ERROR;
				GCC_WARN_UNDECLARED_SELECTOR = YES;
				GCC_WARN_UNINITIALIZED_AUTOS = YES_AGGRESSIVE;
				GCC_WARN_UNUSED_FUNCTION = YES;
				GCC_WARN_UNUSED_VARIABLE = YES;
				IPHONEOS_DEPLOYMENT_TARGET = 17.2;
				LOCALIZATION_PREFERS_STRING_CATALOGS = YES;
				MTL_ENABLE_DEBUG_INFO = INCLUDE_SOURCE;
				MTL_FAST_MATH = YES;
				ONLY_ACTIVE_ARCH = YES;
				SDKROOT = iphoneos;
				SWIFT_ACTIVE_COMPILATION_CONDITIONS = "DEBUG $(inherited)";
				SWIFT_OPTIMIZATION_LEVEL = "-Onone";
			};
			name = Debug;
		};
		2D1DA1452B734631005D4AB8 /* Release */ = {
			isa = XCBuildConfiguration;
			buildSettings = {
				ALWAYS_SEARCH_USER_PATHS = NO;
				ASSETCATALOG_COMPILER_GENERATE_SWIFT_ASSET_SYMBOL_EXTENSIONS = YES;
				CLANG_ANALYZER_NONNULL = YES;
				CLANG_ANALYZER_NUMBER_OBJECT_CONVERSION = YES_AGGRESSIVE;
				CLANG_CXX_LANGUAGE_STANDARD = "gnu++20";
				CLANG_ENABLE_MODULES = YES;
				CLANG_ENABLE_OBJC_ARC = YES;
				CLANG_ENABLE_OBJC_WEAK = YES;
				CLANG_WARN_BLOCK_CAPTURE_AUTORELEASING = YES;
				CLANG_WARN_BOOL_CONVERSION = YES;
				CLANG_WARN_COMMA = YES;
				CLANG_WARN_CONSTANT_CONVERSION = YES;
				CLANG_WARN_DEPRECATED_OBJC_IMPLEMENTATIONS = YES;
				CLANG_WARN_DIRECT_OBJC_ISA_USAGE = YES_ERROR;
				CLANG_WARN_DOCUMENTATION_COMMENTS = YES;
				CLANG_WARN_EMPTY_BODY = YES;
				CLANG_WARN_ENUM_CONVERSION = YES;
				CLANG_WARN_INFINITE_RECURSION = YES;
				CLANG_WARN_INT_CONVERSION = YES;
				CLANG_WARN_NON_LITERAL_NULL_CONVERSION = YES;
				CLANG_WARN_OBJC_IMPLICIT_RETAIN_SELF = YES;
				CLANG_WARN_OBJC_LITERAL_CONVERSION = YES;
				CLANG_WARN_OBJC_ROOT_CLASS = YES_ERROR;
				CLANG_WARN_QUOTED_INCLUDE_IN_FRAMEWORK_HEADER = YES;
				CLANG_WARN_RANGE_LOOP_ANALYSIS = YES;
				CLANG_WARN_STRICT_PROTOTYPES = YES;
				CLANG_WARN_SUSPICIOUS_MOVE = YES;
				CLANG_WARN_UNGUARDED_AVAILABILITY = YES_AGGRESSIVE;
				CLANG_WARN_UNREACHABLE_CODE = YES;
				CLANG_WARN__DUPLICATE_METHOD_MATCH = YES;
				COPY_PHASE_STRIP = NO;
				DEBUG_INFORMATION_FORMAT = "dwarf-with-dsym";
				ENABLE_NS_ASSERTIONS = NO;
				ENABLE_STRICT_OBJC_MSGSEND = YES;
				ENABLE_USER_SCRIPT_SANDBOXING = YES;
				GCC_C_LANGUAGE_STANDARD = gnu17;
				GCC_NO_COMMON_BLOCKS = YES;
				GCC_WARN_64_TO_32_BIT_CONVERSION = YES;
				GCC_WARN_ABOUT_RETURN_TYPE = YES_ERROR;
				GCC_WARN_UNDECLARED_SELECTOR = YES;
				GCC_WARN_UNINITIALIZED_AUTOS = YES_AGGRESSIVE;
				GCC_WARN_UNUSED_FUNCTION = YES;
				GCC_WARN_UNUSED_VARIABLE = YES;
				IPHONEOS_DEPLOYMENT_TARGET = 17.2;
				LOCALIZATION_PREFERS_STRING_CATALOGS = YES;
				MTL_ENABLE_DEBUG_INFO = NO;
				MTL_FAST_MATH = YES;
				SDKROOT = iphoneos;
				SWIFT_COMPILATION_MODE = wholemodule;
				VALIDATE_PRODUCT = YES;
			};
			name = Release;
		};
		2D1DA1472B734631005D4AB8 /* Debug */ = {
			isa = XCBuildConfiguration;
			buildSettings = {
				ASSETCATALOG_COMPILER_APPICON_NAME = AppIcon;
				ASSETCATALOG_COMPILER_GLOBAL_ACCENT_COLOR_NAME = AccentColor;
				CODE_SIGN_STYLE = Automatic;
				CURRENT_PROJECT_VERSION = 1;
				DEVELOPMENT_ASSET_PATHS = "\"FoodPin/Preview Content\"";
				ENABLE_PREVIEWS = YES;
				GENERATE_INFOPLIST_FILE = YES;
				INFOPLIST_KEY_UIApplicationSceneManifest_Generation = YES;
				INFOPLIST_KEY_UIApplicationSupportsIndirectInputEvents = YES;
				INFOPLIST_KEY_UILaunchScreen_Generation = YES;
				INFOPLIST_KEY_UISupportedInterfaceOrientations_iPad = "UIInterfaceOrientationPortrait UIInterfaceOrientationPortraitUpsideDown UIInterfaceOrientationLandscapeLeft UIInterfaceOrientationLandscapeRight";
				INFOPLIST_KEY_UISupportedInterfaceOrientations_iPhone = "UIInterfaceOrientationPortrait UIInterfaceOrientationLandscapeLeft UIInterfaceOrientationLandscapeRight";
				LD_RUNPATH_SEARCH_PATHS = (
					"$(inherited)",
					"@executable_path/Frameworks",
				);
				MARKETING_VERSION = 1.0;
				PRODUCT_BUNDLE_IDENTIFIER = This.FoodPin;
				PRODUCT_NAME = "$(TARGET_NAME)";
				SWIFT_EMIT_LOC_STRINGS = YES;
				SWIFT_VERSION = 5.0;
				TARGETED_DEVICE_FAMILY = "1,2";
			};
			name = Debug;
		};
		2D1DA1482B734631005D4AB8 /* Release */ = {
			isa = XCBuildConfiguration;
			buildSettings = {
				ASSETCATALOG_COMPILER_APPICON_NAME = AppIcon;
				ASSETCATALOG_COMPILER_GLOBAL_ACCENT_COLOR_NAME = AccentColor;
				CODE_SIGN_STYLE = Automatic;
				CURRENT_PROJECT_VERSION = 1;
				DEVELOPMENT_ASSET_PATHS = "\"FoodPin/Preview Content\"";
				ENABLE_PREVIEWS = YES;
				GENERATE_INFOPLIST_FILE = YES;
				INFOPLIST_KEY_UIApplicationSceneManifest_Generation = YES;
				INFOPLIST_KEY_UIApplicationSupportsIndirectInputEvents = YES;
				INFOPLIST_KEY_UILaunchScreen_Generation = YES;
				INFOPLIST_KEY_UISupportedInterfaceOrientations_iPad = "UIInterfaceOrientationPortrait UIInterfaceOrientationPortraitUpsideDown UIInterfaceOrientationLandscapeLeft UIInterfaceOrientationLandscapeRight";
				INFOPLIST_KEY_UISupportedInterfaceOrientations_iPhone = "UIInterfaceOrientationPortrait UIInterfaceOrientationLandscapeLeft UIInterfaceOrientationLandscapeRight";
				LD_RUNPATH_SEARCH_PATHS = (
					"$(inherited)",
					"@executable_path/Frameworks",
				);
				MARKETING_VERSION = 1.0;
				PRODUCT_BUNDLE_IDENTIFIER = This.FoodPin;
				PRODUCT_NAME = "$(TARGET_NAME)";
				SWIFT_EMIT_LOC_STRINGS = YES;
				SWIFT_VERSION = 5.0;
				TARGETED_DEVICE_FAMILY = "1,2";
			};
			name = Release;
		};
		2D1DA14A2B734631005D4AB8 /* Debug */ = {
			isa = XCBuildConfiguration;
			buildSettings = {
				ALWAYS_EMBED_SWIFT_STANDARD_LIBRARIES = YES;
				BUNDLE_LOADER = "$(TEST_HOST)";
				CODE_SIGN_STYLE = Automatic;
				CURRENT_PROJECT_VERSION = 1;
				GENERATE_INFOPLIST_FILE = YES;
				IPHONEOS_DEPLOYMENT_TARGET = 17.2;
				MARKETING_VERSION = 1.0;
				PRODUCT_BUNDLE_IDENTIFIER = This.FoodPinTests;
				PRODUCT_NAME = "$(TARGET_NAME)";
				SWIFT_EMIT_LOC_STRINGS = NO;
				SWIFT_VERSION = 5.0;
				TARGETED_DEVICE_FAMILY = "1,2";
				TEST_HOST = "$(BUILT_PRODUCTS_DIR)/FoodPin.app/$(BUNDLE_EXECUTABLE_FOLDER_PATH)/FoodPin";
			};
			name = Debug;
		};
		2D1DA14B2B734631005D4AB8 /* Release */ = {
			isa = XCBuildConfiguration;
			buildSettings = {
				ALWAYS_EMBED_SWIFT_STANDARD_LIBRARIES = YES;
				BUNDLE_LOADER = "$(TEST_HOST)";
				CODE_SIGN_STYLE = Automatic;
				CURRENT_PROJECT_VERSION = 1;
				GENERATE_INFOPLIST_FILE = YES;
				IPHONEOS_DEPLOYMENT_TARGET = 17.2;
				MARKETING_VERSION = 1.0;
				PRODUCT_BUNDLE_IDENTIFIER = This.FoodPinTests;
				PRODUCT_NAME = "$(TARGET_NAME)";
				SWIFT_EMIT_LOC_STRINGS = NO;
				SWIFT_VERSION = 5.0;
				TARGETED_DEVICE_FAMILY = "1,2";
				TEST_HOST = "$(BUILT_PRODUCTS_DIR)/FoodPin.app/$(BUNDLE_EXECUTABLE_FOLDER_PATH)/FoodPin";
			};
			name = Release;
		};
		2D1DA14D2B734631005D4AB8 /* Debug */ = {
			isa = XCBuildConfiguration;
			buildSettings = {
				ALWAYS_EMBED_SWIFT_STANDARD_LIBRARIES = YES;
				CODE_SIGN_STYLE = Automatic;
				CURRENT_PROJECT_VERSION = 1;
				GENERATE_INFOPLIST_FILE = YES;
				MARKETING_VERSION = 1.0;
				PRODUCT_BUNDLE_IDENTIFIER = This.FoodPinUITests;
				PRODUCT_NAME = "$(TARGET_NAME)";
				SWIFT_EMIT_LOC_STRINGS = NO;
				SWIFT_VERSION = 5.0;
				TARGETED_DEVICE_FAMILY = "1,2";
				TEST_TARGET_NAME = FoodPin;
			};
			name = Debug;
		};
		2D1DA14E2B734631005D4AB8 /* Release */ = {
			isa = XCBuildConfiguration;
			buildSettings = {
				ALWAYS_EMBED_SWIFT_STANDARD_LIBRARIES = YES;
				CODE_SIGN_STYLE = Automatic;
				CURRENT_PROJECT_VERSION = 1;
				GENERATE_INFOPLIST_FILE = YES;
				MARKETING_VERSION = 1.0;
				PRODUCT_BUNDLE_IDENTIFIER = This.FoodPinUITests;
				PRODUCT_NAME = "$(TARGET_NAME)";
				SWIFT_EMIT_LOC_STRINGS = NO;
				SWIFT_VERSION = 5.0;
				TARGETED_DEVICE_FAMILY = "1,2";
				TEST_TARGET_NAME = FoodPin;
			};
			name = Release;
		};
/* End XCBuildConfiguration section */

/* Begin XCConfigurationList section */
		2D1DA11B2B734630005D4AB8 /* Build configuration list for PBXProject "FoodPin" */ = {
			isa = XCConfigurationList;
			buildConfigurations = (
				2D1DA1442B734631005D4AB8 /* Debug */,
				2D1DA1452B734631005D4AB8 /* Release */,
			);
			defaultConfigurationIsVisible = 0;
			defaultConfigurationName = Release;
		};
		2D1DA1462B734631005D4AB8 /* Build configuration list for PBXNativeTarget "FoodPin" */ = {
			isa = XCConfigurationList;
			buildConfigurations = (
				2D1DA1472B734631005D4AB8 /* Debug */,
				2D1DA1482B734631005D4AB8 /* Release */,
			);
			defaultConfigurationIsVisible = 0;
			defaultConfigurationName = Release;
		};
		2D1DA1492B734631005D4AB8 /* Build configuration list for PBXNativeTarget "FoodPinTests" */ = {
			isa = XCConfigurationList;
			buildConfigurations = (
				2D1DA14A2B734631005D4AB8 /* Debug */,
				2D1DA14B2B734631005D4AB8 /* Release */,
			);
			defaultConfigurationIsVisible = 0;
			defaultConfigurationName = Release;
		};
		2D1DA14C2B734631005D4AB8 /* Build configuration list for PBXNativeTarget "FoodPinUITests" */ = {
			isa = XCConfigurationList;
			buildConfigurations = (
				2D1DA14D2B734631005D4AB8 /* Debug */,
				2D1DA14E2B734631005D4AB8 /* Release */,
			);
			defaultConfigurationIsVisible = 0;
			defaultConfigurationName = Release;
		};
/* End XCConfigurationList section */
	};
	rootObject = 2D1DA1182B734630005D4AB8 /* Project object */;
}
